Microsoft Visual Studio Solution File, Format Version 12.00
# Visual Studio Version 16
VisualStudioVersion = 16.0.29102.190
MinimumVisualStudioVersion = 10.0.40219.1
Project("{FAE04EC0-301F-11D3-BF4B-00C04F79EFBC}") = "TAEDX", "TAEDX\TAEDX.csproj", "{D523836E-9BD1-4663-9A49-9F86EB480F2E}"
EndProject
Project("{FAE04EC0-301F-11D3-BF4B-00C04F79EFBC}") = "SoulsFormats", "SoulsFormats\SoulsFormats\SoulsFormats.csproj", "{22C664BD-877B-44DF-8ECF-2808522469A8}"
EndProject
Project("{2150E333-8FDC-42A3-9474-1A3956D46DE8}") = "Dark Souls IO", "Dark Souls IO", "{D1BDEB2B-399D-497D-9D47-7F0C5967661B}"
EndProject
Global
	GlobalSection(SolutionConfigurationPlatforms) = preSolution
		Debug|Any CPU = Debug|Any CPU
		Debug|x64 = Debug|x64
		Debug|x86 = Debug|x86
		Release|Any CPU = Release|Any CPU
		Release|x64 = Release|x64
		Release|x86 = Release|x86
	EndGlobalSection
	GlobalSection(ProjectConfigurationPlatforms) = postSolution
		{D523836E-9BD1-4663-9A49-9F86EB480F2E}.Debug|Any CPU.ActiveCfg = Debug|x86
		{D523836E-9BD1-4663-9A49-9F86EB480F2E}.Debug|Any CPU.Build.0 = Debug|x86
		{D523836E-9BD1-4663-9A49-9F86EB480F2E}.Debug|x64.ActiveCfg = Debug|x64
		{D523836E-9BD1-4663-9A49-9F86EB480F2E}.Debug|x64.Build.0 = Debug|x64
		{D523836E-9BD1-4663-9A49-9F86EB480F2E}.Debug|x86.ActiveCfg = Debug|x86
		{D523836E-9BD1-4663-9A49-9F86EB480F2E}.Debug|x86.Build.0 = Debug|x86
		{D523836E-9BD1-4663-9A49-9F86EB480F2E}.Release|Any CPU.ActiveCfg = Release|x86
		{D523836E-9BD1-4663-9A49-9F86EB480F2E}.Release|Any CPU.Build.0 = Release|x86
		{D523836E-9BD1-4663-9A49-9F86EB480F2E}.Release|x64.ActiveCfg = Release|x64
		{D523836E-9BD1-4663-9A49-9F86EB480F2E}.Release|x64.Build.0 = Release|x64
		{D523836E-9BD1-4663-9A49-9F86EB480F2E}.Release|x86.ActiveCfg = Release|x86
		{D523836E-9BD1-4663-9A49-9F86EB480F2E}.Release|x86.Build.0 = Release|x86
		{22C664BD-877B-44DF-8ECF-2808522469A8}.Debug|Any CPU.ActiveCfg = Debug|Any CPU
		{22C664BD-877B-44DF-8ECF-2808522469A8}.Debug|Any CPU.Build.0 = Debug|Any CPU
		{22C664BD-877B-44DF-8ECF-2808522469A8}.Debug|x64.ActiveCfg = Debug|Any CPU
		{22C664BD-877B-44DF-8ECF-2808522469A8}.Debug|x64.Build.0 = Debug|Any CPU
		{22C664BD-877B-44DF-8ECF-2808522469A8}.Debug|x86.ActiveCfg = Debug|Any CPU
		{22C664BD-877B-44DF-8ECF-2808522469A8}.Debug|x86.Build.0 = Debug|Any CPU
		{22C664BD-877B-44DF-8ECF-2808522469A8}.Release|Any CPU.ActiveCfg = Release|Any CPU
		{22C664BD-877B-44DF-8ECF-2808522469A8}.Release|Any CPU.Build.0 = Release|Any CPU
		{22C664BD-877B-44DF-8ECF-2808522469A8}.Release|x64.ActiveCfg = Release|Any CPU
		{22C664BD-877B-44DF-8ECF-2808522469A8}.Release|x64.Build.0 = Release|Any CPU
		{22C664BD-877B-44DF-8ECF-2808522469A8}.Release|x86.ActiveCfg = Release|Any CPU
		{22C664BD-877B-44DF-8ECF-2808522469A8}.Release|x86.Build.0 = Release|Any CPU
	EndGlobalSection
	GlobalSection(SolutionProperties) = preSolution
		HideSolutionNode = FALSE
	EndGlobalSection
	GlobalSection(NestedProjects) = preSolution
		{22C664BD-877B-44DF-8ECF-2808522469A8} = {D1BDEB2B-399D-497D-9D47-7F0C5967661B}
	EndGlobalSection
	GlobalSection(ExtensibilityGlobals) = postSolution
		SolutionGuid = {305964B1-6068-4920-804B-F6729C4A7AED}
	EndGlobalSection
EndGlobal
